
Microsoft Visual Studio Solution File, Format Version 12.00
# Visual Studio Version 17
VisualStudioVersion = 17.1.32407.343
MinimumVisualStudioVersion = 10.0.40219.1
Project("{FAE04EC0-301F-11D3-BF4B-00C04F79EFBC}") = "Tp5Prueba", "Tp5Prueba\Tp5Prueba.csproj", "{4B4A8231-9F88-4BB3-B757-F0E0C92E75AA}"
EndProject
Project("{FAE04EC0-301F-11D3-BF4B-00C04F79EFBC}") = "Tp5Prueba.DataAccess", "Tp5Prueba.DataAccess\Tp5Prueba.DataAccess.csproj", "{FAE4B1BD-12D4-4848-A4AF-3E897C00218B}"
EndProject
Project("{FAE04EC0-301F-11D3-BF4B-00C04F79EFBC}") = "Tp5Prueba.Model", "Tp5Prueba.Model\Tp5Prueba.Model.csproj", "{79754C9F-6993-4276-90EB-12A6B81F468F}"
EndProject
Global
	GlobalSection(SolutionConfigurationPlatforms) = preSolution
		Debug|Any CPU = Debug|Any CPU
		Release|Any CPU = Release|Any CPU
	EndGlobalSection
	GlobalSection(ProjectConfigurationPlatforms) = postSolution
		{4B4A8231-9F88-4BB3-B757-F0E0C92E75AA}.Debug|Any CPU.ActiveCfg = Debug|Any CPU
		{4B4A8231-9F88-4BB3-B757-F0E0C92E75AA}.Debug|Any CPU.Build.0 = Debug|Any CPU
		{4B4A8231-9F88-4BB3-B757-F0E0C92E75AA}.Release|Any CPU.ActiveCfg = Release|Any CPU
		{4B4A8231-9F88-4BB3-B757-F0E0C92E75AA}.Release|Any CPU.Build.0 = Release|Any CPU
		{FAE4B1BD-12D4-4848-A4AF-3E897C00218B}.Debug|Any CPU.ActiveCfg = Debug|Any CPU
		{FAE4B1BD-12D4-4848-A4AF-3E897C00218B}.Debug|Any CPU.Build.0 = Debug|Any CPU
		{FAE4B1BD-12D4-4848-A4AF-3E897C00218B}.Release|Any CPU.ActiveCfg = Release|Any CPU
		{FAE4B1BD-12D4-4848-A4AF-3E897C00218B}.Release|Any CPU.Build.0 = Release|Any CPU
		{79754C9F-6993-4276-90EB-12A6B81F468F}.Debug|Any CPU.ActiveCfg = Debug|Any CPU
		{79754C9F-6993-4276-90EB-12A6B81F468F}.Debug|Any CPU.Build.0 = Debug|Any CPU
		{79754C9F-6993-4276-90EB-12A6B81F468F}.Release|Any CPU.ActiveCfg = Release|Any CPU
		{79754C9F-6993-4276-90EB-12A6B81F468F}.Release|Any CPU.Build.0 = Release|Any CPU
	EndGlobalSection
	GlobalSection(SolutionProperties) = preSolution
		HideSolutionNode = FALSE
	EndGlobalSection
	GlobalSection(ExtensibilityGlobals) = postSolution
		SolutionGuid = {49038990-3714-4E83-AB62-72141FEF152A}
	EndGlobalSection
EndGlobal
